// !$*UTF8*$!
{
	archiveVersion = 1;
	classes = {
	};
	objectVersion = 50;
	objects = {

/* Begin PBXBuildFile section */
		6E013D2F21E35AAE00BC6F61 /* GoogleMusicClientTests.swift in Sources */ = {isa = PBXBuildFile; fileRef = 6E94666921C282D300126BB7 /* GoogleMusicClientTests.swift */; };
		6E07664F223427FE00AD5F05 /* RadioStationCollectionViewItem.swift in Sources */ = {isa = PBXBuildFile; fileRef = 6E07664E223427FE00AD5F05 /* RadioStationCollectionViewItem.swift */; };
		6E13220E21FE424F008E2AC2 /* SelectableNSView.swift in Sources */ = {isa = PBXBuildFile; fileRef = 6E13220D21FE424F008E2AC2 /* SelectableNSView.swift */; };
		6E1E6DF721D277E500937756 /* Player.swift in Sources */ = {isa = PBXBuildFile; fileRef = 6E1E6DF621D277E500937756 /* Player.swift */; };
		6E31EC3321C7DBA5009B9742 /* ApplicationTableView.swift in Sources */ = {isa = PBXBuildFile; fileRef = 6E31EC3221C7DBA5009B9742 /* ApplicationTableView.swift */; };
		6E31EC3521C7E1C5009B9742 /* LeftMenuController.storyboard in Resources */ = {isa = PBXBuildFile; fileRef = 6E31EC3421C7E1C5009B9742 /* LeftMenuController.storyboard */; };
		6E31EC3721C7E208009B9742 /* LeftMenuController.swift in Sources */ = {isa = PBXBuildFile; fileRef = 6E31EC3621C7E208009B9742 /* LeftMenuController.swift */; };
		6E38A74D21C293BC00983339 /* MainWindowController.swift in Sources */ = {isa = PBXBuildFile; fileRef = 6E38A74C21C293BC00983339 /* MainWindowController.swift */; };
		6E38A74E21C2943000983339 /* MainWindowController.storyboard in Resources */ = {isa = PBXBuildFile; fileRef = 6E94665C21C282D200126BB7 /* MainWindowController.storyboard */; };
		6E38A75221C2988C00983339 /* LogInController.swift in Sources */ = {isa = PBXBuildFile; fileRef = 6E38A75121C2988C00983339 /* LogInController.swift */; };
		6E38A75421C298A300983339 /* LogInController.storyboard in Resources */ = {isa = PBXBuildFile; fileRef = 6E38A75321C298A300983339 /* LogInController.storyboard */; };
		6E38A75721C2991D00983339 /* LogInCoordinator.swift in Sources */ = {isa = PBXBuildFile; fileRef = 6E38A75621C2991D00983339 /* LogInCoordinator.swift */; };
		6E38A75921C29A4000983339 /* ApplicationController.swift in Sources */ = {isa = PBXBuildFile; fileRef = 6E38A75821C29A4000983339 /* ApplicationController.swift */; };
		6E38A75C21C2A08C00983339 /* StartupCoordinator.swift in Sources */ = {isa = PBXBuildFile; fileRef = 6E38A75B21C2A08C00983339 /* StartupCoordinator.swift */; };
		6E38A75E21C2A38C00983339 /* MainCoordinator.swift in Sources */ = {isa = PBXBuildFile; fileRef = 6E38A75D21C2A38C00983339 /* MainCoordinator.swift */; };
		6E38A76121C2A64B00983339 /* MainController.swift in Sources */ = {isa = PBXBuildFile; fileRef = 6E38A76021C2A64B00983339 /* MainController.swift */; };
		6E38A76321C2A68200983339 /* MainController.storyboard in Resources */ = {isa = PBXBuildFile; fileRef = 6E38A76221C2A68200983339 /* MainController.storyboard */; };
		6E3ACE3721C28B22000944F3 /* RxGoogleMusic.framework in Frameworks */ = {isa = PBXBuildFile; fileRef = 6E3ACE3421C28B22000944F3 /* RxGoogleMusic.framework */; };
		6E3ACE3821C28B22000944F3 /* RxGoogleMusic.framework in Embed Frameworks */ = {isa = PBXBuildFile; fileRef = 6E3ACE3421C28B22000944F3 /* RxGoogleMusic.framework */; settings = {ATTRIBUTES = (CodeSignOnCopy, RemoveHeadersOnCopy, ); }; };
		6E3ACE3921C28B22000944F3 /* RxCocoa.framework in Frameworks */ = {isa = PBXBuildFile; fileRef = 6E3ACE3521C28B22000944F3 /* RxCocoa.framework */; };
		6E3ACE3A21C28B22000944F3 /* RxCocoa.framework in Embed Frameworks */ = {isa = PBXBuildFile; fileRef = 6E3ACE3521C28B22000944F3 /* RxCocoa.framework */; settings = {ATTRIBUTES = (CodeSignOnCopy, RemoveHeadersOnCopy, ); }; };
		6E3ACE3B21C28B22000944F3 /* RxSwift.framework in Frameworks */ = {isa = PBXBuildFile; fileRef = 6E3ACE3621C28B22000944F3 /* RxSwift.framework */; };
		6E3ACE3C21C28B22000944F3 /* RxSwift.framework in Embed Frameworks */ = {isa = PBXBuildFile; fileRef = 6E3ACE3621C28B22000944F3 /* RxSwift.framework */; settings = {ATTRIBUTES = (CodeSignOnCopy, RemoveHeadersOnCopy, ); }; };
		6E3FC37E21CA6E180026DEA7 /* PlayerReducer.swift in Sources */ = {isa = PBXBuildFile; fileRef = 6E3FC37D21CA6E180026DEA7 /* PlayerReducer.swift */; };
		6E47FF80225FB84C00F604B2 /* ApplicationCollectionView.swift in Sources */ = {isa = PBXBuildFile; fileRef = 6E47FF7F225FB84C00F604B2 /* ApplicationCollectionView.swift */; };
		6E5C758621D8FAF900C98482 /* DataAssetLoader.swift in Sources */ = {isa = PBXBuildFile; fileRef = 6E5C758521D8FAF900C98482 /* DataAssetLoader.swift */; };
		6E7D890E2204CAA100C44E91 /* VerticallyCenteredTextField.swift in Sources */ = {isa = PBXBuildFile; fileRef = 6E7D890D2204CAA100C44E91 /* VerticallyCenteredTextField.swift */; };
		6E7D89102204CAD600C44E91 /* MusicTrackView.swift in Sources */ = {isa = PBXBuildFile; fileRef = 6E7D890F2204CAD600C44E91 /* MusicTrackView.swift */; };
		6E7D89122204CB3A00C44E91 /* MusicTrackCollectionViewItem.swift in Sources */ = {isa = PBXBuildFile; fileRef = 6E7D89112204CB3A00C44E91 /* MusicTrackCollectionViewItem.swift */; };
		6E7D89172204D02100C44E91 /* Styles.swift in Sources */ = {isa = PBXBuildFile; fileRef = 6E7D89162204D02100C44E91 /* Styles.swift */; };
		6E7E4E3821F3744B0097E727 /* Queue.swift in Sources */ = {isa = PBXBuildFile; fileRef = 6E7E4E3721F3744B0097E727 /* Queue.swift */; };
		6E7E4E3B21F38E530097E727 /* ErrorController.storyboard in Resources */ = {isa = PBXBuildFile; fileRef = 6E7E4E3A21F38E530097E727 /* ErrorController.storyboard */; };
		6E7E4E3D21F38EDD0097E727 /* ErrorController.swift in Sources */ = {isa = PBXBuildFile; fileRef = 6E7E4E3C21F38EDD0097E727 /* ErrorController.swift */; };
		6E7F608921C8F71B00C1D30C /* Constraints.swift in Sources */ = {isa = PBXBuildFile; fileRef = 6E7F608821C8F71B00C1D30C /* Constraints.swift */; };
		6E7F608B21C9128700C1D30C /* LeftHighlightTableRowView.swift in Sources */ = {isa = PBXBuildFile; fileRef = 6E7F608A21C9128700C1D30C /* LeftHighlightTableRowView.swift */; };
		6E7F608D21C9278400C1D30C /* RadioListController.swift in Sources */ = {isa = PBXBuildFile; fileRef = 6E7F608C21C9278400C1D30C /* RadioListController.swift */; };
		6E8496DA21D6365B00210F36 /* QueueController.swift in Sources */ = {isa = PBXBuildFile; fileRef = 6E8496D921D6365B00210F36 /* QueueController.swift */; };
		6E857E9322215AE30057B701 /* TextFieldCollectionViewItem.swift in Sources */ = {isa = PBXBuildFile; fileRef = 6E857E9222215AE30057B701 /* TextFieldCollectionViewItem.swift */; };
		6E857E9522215B1F0057B701 /* ViewWithBottomBorder.swift in Sources */ = {isa = PBXBuildFile; fileRef = 6E857E9422215B1F0057B701 /* ViewWithBottomBorder.swift */; };
		6E8FB9B921FE23A000952770 /* ViewWithTrackingArea.swift in Sources */ = {isa = PBXBuildFile; fileRef = 6E8FB9B821FE23A000952770 /* ViewWithTrackingArea.swift */; };
		6E94665721C282D200126BB7 /* AppDelegate.swift in Sources */ = {isa = PBXBuildFile; fileRef = 6E94665621C282D200126BB7 /* AppDelegate.swift */; };
		6E94665B21C282D200126BB7 /* Assets.xcassets in Resources */ = {isa = PBXBuildFile; fileRef = 6E94665A21C282D200126BB7 /* Assets.xcassets */; };
		6EA25F9E222F0E980079700C /* GoogleMusicClient_Core.h in Headers */ = {isa = PBXBuildFile; fileRef = 6EA25F9C222F0E980079700C /* GoogleMusicClient_Core.h */; settings = {ATTRIBUTES = (Public, ); }; };
		6EA25FA1222F0E980079700C /* GoogleMusicClientCore.framework in Frameworks */ = {isa = PBXBuildFile; fileRef = 6EA25F9A222F0E980079700C /* GoogleMusicClientCore.framework */; };
		6EA25FA2222F0E980079700C /* GoogleMusicClientCore.framework in Embed Frameworks */ = {isa = PBXBuildFile; fileRef = 6EA25F9A222F0E980079700C /* GoogleMusicClientCore.framework */; settings = {ATTRIBUTES = (CodeSignOnCopy, RemoveHeadersOnCopy, ); }; };
		6EA25FA6222F0EE50079700C /* Keychain.swift in Sources */ = {isa = PBXBuildFile; fileRef = 6E3DD68521C2B07400C1F49F /* Keychain.swift */; };
		6EA25FA7222F0EF60079700C /* Support.swift in Sources */ = {isa = PBXBuildFile; fileRef = 6E7D89132204CB8E00C44E91 /* Support.swift */; };
		6EA25FA8222F0EFA0079700C /* OrderedSet.swift in Sources */ = {isa = PBXBuildFile; fileRef = 6E98C5DC222B1D4B00BED0D9 /* OrderedSet.swift */; };
		6EA25FA9222F0EFF0079700C /* UserDefaultsType.swift in Sources */ = {isa = PBXBuildFile; fileRef = 6E927F7C22256A1F007A34EF /* UserDefaultsType.swift */; };
		6EA25FAD222F0F660079700C /* RxDataFlow.framework in Frameworks */ = {isa = PBXBuildFile; fileRef = 6EB27AC921C3C7E80013479C /* RxDataFlow.framework */; };
		6EA25FAF222F10110079700C /* Extensions.swift in Sources */ = {isa = PBXBuildFile; fileRef = 6EA25FAE222F10110079700C /* Extensions.swift */; };
		6EA25FB6222F15580079700C /* Operators.swift in Sources */ = {isa = PBXBuildFile; fileRef = 6E7D89182204D60F00C44E91 /* Operators.swift */; };
		6EA25FB7222F155C0079700C /* Functions.swift in Sources */ = {isa = PBXBuildFile; fileRef = 6E7D89192204D60F00C44E91 /* Functions.swift */; };
		6EA34DB221F09B7F00E9588C /* ApplicationSlider.swift in Sources */ = {isa = PBXBuildFile; fileRef = 6EA34DB121F09B7F00E9588C /* ApplicationSlider.swift */; };
		6EA6BC3A21DCFA2200EA3E3E /* export-options.plist in Resources */ = {isa = PBXBuildFile; fileRef = 6EA6BC3921DCFA2200EA3E3E /* export-options.plist */; };
		6EA9BF3321EA455E00A2551D /* SystemController.storyboard in Resources */ = {isa = PBXBuildFile; fileRef = 6EA9BF3221EA455E00A2551D /* SystemController.storyboard */; };
		6EA9BF3521EA457100A2551D /* SystemController.swift in Sources */ = {isa = PBXBuildFile; fileRef = 6EA9BF3421EA457100A2551D /* SystemController.swift */; };
		6EAC5E482200BE0D003D1B19 /* FavoritesController.swift in Sources */ = {isa = PBXBuildFile; fileRef = 6EAC5E472200BE0D003D1B19 /* FavoritesController.swift */; };
		6EB27ACA21C3C7E80013479C /* RxDataFlow.framework in Frameworks */ = {isa = PBXBuildFile; fileRef = 6EB27AC921C3C7E80013479C /* RxDataFlow.framework */; };
		6EB27ACB21C3C7E80013479C /* RxDataFlow.framework in Embed Frameworks */ = {isa = PBXBuildFile; fileRef = 6EB27AC921C3C7E80013479C /* RxDataFlow.framework */; settings = {ATTRIBUTES = (CodeSignOnCopy, RemoveHeadersOnCopy, ); }; };
		6EB27ACF21C3D4B60013479C /* AppState.swift in Sources */ = {isa = PBXBuildFile; fileRef = 6EB27ACE21C3D4B60013479C /* AppState.swift */; };
		6EB27AD121C3D4D50013479C /* Actions.swift in Sources */ = {isa = PBXBuildFile; fileRef = 6EB27AD021C3D4D50013479C /* Actions.swift */; };
		6EB27AD321C3D5140013479C /* RootReducer.swift in Sources */ = {isa = PBXBuildFile; fileRef = 6EB27AD221C3D5140013479C /* RootReducer.swift */; };
		6EB27AD521C3D6450013479C /* SystemReducer.swift in Sources */ = {isa = PBXBuildFile; fileRef = 6EB27AD421C3D6450013479C /* SystemReducer.swift */; };
		6EC9A5C5223EA6CA00DE0AFF /* LayoutPriority.swift in Sources */ = {isa = PBXBuildFile; fileRef = 6EC9A5C4223EA6CA00DE0AFF /* LayoutPriority.swift */; };
		6ED66B2D21D3A87200BA9B95 /* Extensions.swift in Sources */ = {isa = PBXBuildFile; fileRef = 6ED66B2C21D3A87200BA9B95 /* Extensions.swift */; };
		6EFDC5A221CA231D00E93699 /* PlayerController.storyboard in Resources */ = {isa = PBXBuildFile; fileRef = 6EFDC5A121CA231D00E93699 /* PlayerController.storyboard */; };
		6EFDC5A421CA233300E93699 /* PlayerController.swift in Sources */ = {isa = PBXBuildFile; fileRef = 6EFDC5A321CA233300E93699 /* PlayerController.swift */; };
/* End PBXBuildFile section */

/* Begin PBXContainerItemProxy section */
		6E94666621C282D300126BB7 /* PBXContainerItemProxy */ = {
			isa = PBXContainerItemProxy;
			containerPortal = 6E94664B21C282D200126BB7 /* Project object */;
			proxyType = 1;
			remoteGlobalIDString = 6E94665221C282D200126BB7;
			remoteInfo = GoogleMusicClient;
		};
		6EA25F9F222F0E980079700C /* PBXContainerItemProxy */ = {
			isa = PBXContainerItemProxy;
			containerPortal = 6E94664B21C282D200126BB7 /* Project object */;
			proxyType = 1;
			remoteGlobalIDString = 6EA25F99222F0E980079700C;
			remoteInfo = GoogleMusicClient.Core;
		};
/* End PBXContainerItemProxy section */

/* Begin PBXCopyFilesBuildPhase section */
		6E3ACE3D21C28B22000944F3 /* Embed Frameworks */ = {
			isa = PBXCopyFilesBuildPhase;
			buildActionMask = 2147483647;
			dstPath = "";
			dstSubfolderSpec = 10;
			files = (
				6EB27ACB21C3C7E80013479C /* RxDataFlow.framework in Embed Frameworks */,
				6E3ACE3A21C28B22000944F3 /* RxCocoa.framework in Embed Frameworks */,
				6EA25FA2222F0E980079700C /* GoogleMusicClientCore.framework in Embed Frameworks */,
				6E3ACE3821C28B22000944F3 /* RxGoogleMusic.framework in Embed Frameworks */,
				6E3ACE3C21C28B22000944F3 /* RxSwift.framework in Embed Frameworks */,
			);
			name = "Embed Frameworks";
			runOnlyForDeploymentPostprocessing = 0;
		};
/* End PBXCopyFilesBuildPhase section */

/* Begin PBXFileReference section */
		6E07664E223427FE00AD5F05 /* RadioStationCollectionViewItem.swift */ = {isa = PBXFileReference; lastKnownFileType = sourcecode.swift; path = RadioStationCollectionViewItem.swift; sourceTree = "<group>"; };
		6E13220D21FE424F008E2AC2 /* SelectableNSView.swift */ = {isa = PBXFileReference; lastKnownFileType = sourcecode.swift; path = SelectableNSView.swift; sourceTree = "<group>"; };
		6E1E6DF621D277E500937756 /* Player.swift */ = {isa = PBXFileReference; lastKnownFileType = sourcecode.swift; path = Player.swift; sourceTree = "<group>"; };
		6E31EC3221C7DBA5009B9742 /* ApplicationTableView.swift */ = {isa = PBXFileReference; lastKnownFileType = sourcecode.swift; path = ApplicationTableView.swift; sourceTree = "<group>"; };
		6E31EC3421C7E1C5009B9742 /* LeftMenuController.storyboard */ = {isa = PBXFileReference; lastKnownFileType = file.storyboard; path = LeftMenuController.storyboard; sourceTree = "<group>"; };
		6E31EC3621C7E208009B9742 /* LeftMenuController.swift */ = {isa = PBXFileReference; lastKnownFileType = sourcecode.swift; path = LeftMenuController.swift; sourceTree = "<group>"; };
		6E38A74A21C2933900983339 /* GoogleMusicClientMacOS.entitlements */ = {isa = PBXFileReference; lastKnownFileType = text.plist.entitlements; path = GoogleMusicClientMacOS.entitlements; sourceTree = "<group>"; };
		6E38A74C21C293BC00983339 /* MainWindowController.swift */ = {isa = PBXFileReference; lastKnownFileType = sourcecode.swift; path = MainWindowController.swift; sourceTree = "<group>"; };
		6E38A75121C2988C00983339 /* LogInController.swift */ = {isa = PBXFileReference; lastKnownFileType = sourcecode.swift; path = LogInController.swift; sourceTree = "<group>"; };
		6E38A75321C298A300983339 /* LogInController.storyboard */ = {isa = PBXFileReference; lastKnownFileType = file.storyboard; path = LogInController.storyboard; sourceTree = "<group>"; };
		6E38A75621C2991D00983339 /* LogInCoordinator.swift */ = {isa = PBXFileReference; lastKnownFileType = sourcecode.swift; path = LogInCoordinator.swift; sourceTree = "<group>"; };
		6E38A75821C29A4000983339 /* ApplicationController.swift */ = {isa = PBXFileReference; lastKnownFileType = sourcecode.swift; path = ApplicationController.swift; sourceTree = "<group>"; };
		6E38A75B21C2A08C00983339 /* StartupCoordinator.swift */ = {isa = PBXFileReference; lastKnownFileType = sourcecode.swift; path = StartupCoordinator.swift; sourceTree = "<group>"; };
		6E38A75D21C2A38C00983339 /* MainCoordinator.swift */ = {isa = PBXFileReference; lastKnownFileType = sourcecode.swift; path = MainCoordinator.swift; sourceTree = "<group>"; };
		6E38A76021C2A64B00983339 /* MainController.swift */ = {isa = PBXFileReference; lastKnownFileType = sourcecode.swift; path = MainController.swift; sourceTree = "<group>"; };
		6E38A76221C2A68200983339 /* MainController.storyboard */ = {isa = PBXFileReference; lastKnownFileType = file.storyboard; path = MainController.storyboard; sourceTree = "<group>"; };
		6E3ACE3421C28B22000944F3 /* RxGoogleMusic.framework */ = {isa = PBXFileReference; lastKnownFileType = wrapper.framework; name = RxGoogleMusic.framework; path = Carthage/Build/Mac/RxGoogleMusic.framework; sourceTree = "<group>"; };
		6E3ACE3521C28B22000944F3 /* RxCocoa.framework */ = {isa = PBXFileReference; lastKnownFileType = wrapper.framework; name = RxCocoa.framework; path = Carthage/Build/Mac/RxCocoa.framework; sourceTree = "<group>"; };
		6E3ACE3621C28B22000944F3 /* RxSwift.framework */ = {isa = PBXFileReference; lastKnownFileType = wrapper.framework; name = RxSwift.framework; path = Carthage/Build/Mac/RxSwift.framework; sourceTree = "<group>"; };
		6E3DD68521C2B07400C1F49F /* Keychain.swift */ = {isa = PBXFileReference; lastKnownFileType = sourcecode.swift; path = Keychain.swift; sourceTree = "<group>"; };
		6E3FC37D21CA6E180026DEA7 /* PlayerReducer.swift */ = {isa = PBXFileReference; lastKnownFileType = sourcecode.swift; path = PlayerReducer.swift; sourceTree = "<group>"; };
		6E47FF7F225FB84C00F604B2 /* ApplicationCollectionView.swift */ = {isa = PBXFileReference; lastKnownFileType = sourcecode.swift; path = ApplicationCollectionView.swift; sourceTree = "<group>"; };
		6E5C758521D8FAF900C98482 /* DataAssetLoader.swift */ = {isa = PBXFileReference; fileEncoding = 4; lastKnownFileType = sourcecode.swift; path = DataAssetLoader.swift; sourceTree = "<group>"; };
		6E7D890D2204CAA100C44E91 /* VerticallyCenteredTextField.swift */ = {isa = PBXFileReference; lastKnownFileType = sourcecode.swift; path = VerticallyCenteredTextField.swift; sourceTree = "<group>"; };
		6E7D890F2204CAD600C44E91 /* MusicTrackView.swift */ = {isa = PBXFileReference; lastKnownFileType = sourcecode.swift; path = MusicTrackView.swift; sourceTree = "<group>"; };
		6E7D89112204CB3A00C44E91 /* MusicTrackCollectionViewItem.swift */ = {isa = PBXFileReference; lastKnownFileType = sourcecode.swift; path = MusicTrackCollectionViewItem.swift; sourceTree = "<group>"; };
		6E7D89132204CB8E00C44E91 /* Support.swift */ = {isa = PBXFileReference; lastKnownFileType = sourcecode.swift; path = Support.swift; sourceTree = "<group>"; };
		6E7D89162204D02100C44E91 /* Styles.swift */ = {isa = PBXFileReference; lastKnownFileType = sourcecode.swift; path = Styles.swift; sourceTree = "<group>"; };
		6E7D89182204D60F00C44E91 /* Operators.swift */ = {isa = PBXFileReference; lastKnownFileType = sourcecode.swift; path = Operators.swift; sourceTree = "<group>"; };
		6E7D89192204D60F00C44E91 /* Functions.swift */ = {isa = PBXFileReference; lastKnownFileType = sourcecode.swift; path = Functions.swift; sourceTree = "<group>"; };
		6E7E4E3721F3744B0097E727 /* Queue.swift */ = {isa = PBXFileReference; lastKnownFileType = sourcecode.swift; path = Queue.swift; sourceTree = "<group>"; };
		6E7E4E3A21F38E530097E727 /* ErrorController.storyboard */ = {isa = PBXFileReference; lastKnownFileType = file.storyboard; path = ErrorController.storyboard; sourceTree = "<group>"; };
		6E7E4E3C21F38EDD0097E727 /* ErrorController.swift */ = {isa = PBXFileReference; lastKnownFileType = sourcecode.swift; path = ErrorController.swift; sourceTree = "<group>"; };
		6E7F608821C8F71B00C1D30C /* Constraints.swift */ = {isa = PBXFileReference; lastKnownFileType = sourcecode.swift; path = Constraints.swift; sourceTree = "<group>"; };
		6E7F608A21C9128700C1D30C /* LeftHighlightTableRowView.swift */ = {isa = PBXFileReference; lastKnownFileType = sourcecode.swift; path = LeftHighlightTableRowView.swift; sourceTree = "<group>"; };
		6E7F608C21C9278400C1D30C /* RadioListController.swift */ = {isa = PBXFileReference; lastKnownFileType = sourcecode.swift; path = RadioListController.swift; sourceTree = "<group>"; };
		6E8496D921D6365B00210F36 /* QueueController.swift */ = {isa = PBXFileReference; lastKnownFileType = sourcecode.swift; path = QueueController.swift; sourceTree = "<group>"; };
		6E857E9222215AE30057B701 /* TextFieldCollectionViewItem.swift */ = {isa = PBXFileReference; lastKnownFileType = sourcecode.swift; path = TextFieldCollectionViewItem.swift; sourceTree = "<group>"; };
		6E857E9422215B1F0057B701 /* ViewWithBottomBorder.swift */ = {isa = PBXFileReference; lastKnownFileType = sourcecode.swift; path = ViewWithBottomBorder.swift; sourceTree = "<group>"; };
		6E8FB9B821FE23A000952770 /* ViewWithTrackingArea.swift */ = {isa = PBXFileReference; lastKnownFileType = sourcecode.swift; path = ViewWithTrackingArea.swift; sourceTree = "<group>"; };
		6E927F7C22256A1F007A34EF /* UserDefaultsType.swift */ = {isa = PBXFileReference; lastKnownFileType = sourcecode.swift; path = UserDefaultsType.swift; sourceTree = "<group>"; };
		6E94665321C282D200126BB7 /* Google Music Player.app */ = {isa = PBXFileReference; explicitFileType = wrapper.application; includeInIndex = 0; path = "Google Music Player.app"; sourceTree = BUILT_PRODUCTS_DIR; };
		6E94665621C282D200126BB7 /* AppDelegate.swift */ = {isa = PBXFileReference; lastKnownFileType = sourcecode.swift; path = AppDelegate.swift; sourceTree = "<group>"; };
		6E94665A21C282D200126BB7 /* Assets.xcassets */ = {isa = PBXFileReference; lastKnownFileType = folder.assetcatalog; path = Assets.xcassets; sourceTree = "<group>"; };
		6E94665D21C282D200126BB7 /* Base */ = {isa = PBXFileReference; lastKnownFileType = file.storyboard; name = Base; path = Base.lproj/MainWindowController.storyboard; sourceTree = "<group>"; };
		6E94665F21C282D200126BB7 /* Info.plist */ = {isa = PBXFileReference; lastKnownFileType = text.plist.xml; path = Info.plist; sourceTree = "<group>"; };
		6E94666521C282D300126BB7 /* GoogleMusicClientMacOSTests.xctest */ = {isa = PBXFileReference; explicitFileType = wrapper.cfbundle; includeInIndex = 0; path = GoogleMusicClientMacOSTests.xctest; sourceTree = BUILT_PRODUCTS_DIR; };
		6E94666921C282D300126BB7 /* GoogleMusicClientTests.swift */ = {isa = PBXFileReference; lastKnownFileType = sourcecode.swift; path = GoogleMusicClientTests.swift; sourceTree = "<group>"; };
		6E94666B21C282D300126BB7 /* Info.plist */ = {isa = PBXFileReference; lastKnownFileType = text.plist.xml; path = Info.plist; sourceTree = "<group>"; };
		6E98C5DC222B1D4B00BED0D9 /* OrderedSet.swift */ = {isa = PBXFileReference; lastKnownFileType = sourcecode.swift; path = OrderedSet.swift; sourceTree = "<group>"; };
		6EA25F9A222F0E980079700C /* GoogleMusicClientCore.framework */ = {isa = PBXFileReference; explicitFileType = wrapper.framework; includeInIndex = 0; path = GoogleMusicClientCore.framework; sourceTree = BUILT_PRODUCTS_DIR; };
		6EA25F9C222F0E980079700C /* GoogleMusicClient_Core.h */ = {isa = PBXFileReference; lastKnownFileType = sourcecode.c.h; path = GoogleMusicClient_Core.h; sourceTree = "<group>"; };
		6EA25F9D222F0E980079700C /* Info.plist */ = {isa = PBXFileReference; lastKnownFileType = text.plist.xml; path = Info.plist; sourceTree = "<group>"; };
		6EA25FAE222F10110079700C /* Extensions.swift */ = {isa = PBXFileReference; lastKnownFileType = sourcecode.swift; path = Extensions.swift; sourceTree = "<group>"; };
		6EA34DB121F09B7F00E9588C /* ApplicationSlider.swift */ = {isa = PBXFileReference; lastKnownFileType = sourcecode.swift; path = ApplicationSlider.swift; sourceTree = "<group>"; };
		6EA6BC3921DCFA2200EA3E3E /* export-options.plist */ = {isa = PBXFileReference; lastKnownFileType = text.plist.xml; path = "export-options.plist"; sourceTree = "<group>"; };
		6EA9BF3221EA455E00A2551D /* SystemController.storyboard */ = {isa = PBXFileReference; lastKnownFileType = file.storyboard; path = SystemController.storyboard; sourceTree = "<group>"; };
		6EA9BF3421EA457100A2551D /* SystemController.swift */ = {isa = PBXFileReference; lastKnownFileType = sourcecode.swift; path = SystemController.swift; sourceTree = "<group>"; };
		6EAC5E472200BE0D003D1B19 /* FavoritesController.swift */ = {isa = PBXFileReference; lastKnownFileType = sourcecode.swift; path = FavoritesController.swift; sourceTree = "<group>"; };
		6EB27AC921C3C7E80013479C /* RxDataFlow.framework */ = {isa = PBXFileReference; lastKnownFileType = wrapper.framework; name = RxDataFlow.framework; path = Carthage/Build/Mac/RxDataFlow.framework; sourceTree = "<group>"; };
		6EB27ACE21C3D4B60013479C /* AppState.swift */ = {isa = PBXFileReference; lastKnownFileType = sourcecode.swift; path = AppState.swift; sourceTree = "<group>"; };
		6EB27AD021C3D4D50013479C /* Actions.swift */ = {isa = PBXFileReference; lastKnownFileType = sourcecode.swift; path = Actions.swift; sourceTree = "<group>"; };
		6EB27AD221C3D5140013479C /* RootReducer.swift */ = {isa = PBXFileReference; lastKnownFileType = sourcecode.swift; path = RootReducer.swift; sourceTree = "<group>"; };
		6EB27AD421C3D6450013479C /* SystemReducer.swift */ = {isa = PBXFileReference; lastKnownFileType = sourcecode.swift; path = SystemReducer.swift; sourceTree = "<group>"; };
		6EC9A5C4223EA6CA00DE0AFF /* LayoutPriority.swift */ = {isa = PBXFileReference; lastKnownFileType = sourcecode.swift; path = LayoutPriority.swift; sourceTree = "<group>"; };
		6ED66B2C21D3A87200BA9B95 /* Extensions.swift */ = {isa = PBXFileReference; lastKnownFileType = sourcecode.swift; path = Extensions.swift; sourceTree = "<group>"; };
		6EFDC5A121CA231D00E93699 /* PlayerController.storyboard */ = {isa = PBXFileReference; lastKnownFileType = file.storyboard; path = PlayerController.storyboard; sourceTree = "<group>"; };
		6EFDC5A321CA233300E93699 /* PlayerController.swift */ = {isa = PBXFileReference; lastKnownFileType = sourcecode.swift; path = PlayerController.swift; sourceTree = "<group>"; };
/* End PBXFileReference section */

/* Begin PBXFrameworksBuildPhase section */
		6E94665021C282D200126BB7 /* Frameworks */ = {
			isa = PBXFrameworksBuildPhase;
			buildActionMask = 2147483647;
			files = (
				6EB27ACA21C3C7E80013479C /* RxDataFlow.framework in Frameworks */,
				6E3ACE3921C28B22000944F3 /* RxCocoa.framework in Frameworks */,
				6EA25FA1222F0E980079700C /* GoogleMusicClientCore.framework in Frameworks */,
				6E3ACE3721C28B22000944F3 /* RxGoogleMusic.framework in Frameworks */,
				6E3ACE3B21C28B22000944F3 /* RxSwift.framework in Frameworks */,
			);
			runOnlyForDeploymentPostprocessing = 0;
		};
		6E94666221C282D300126BB7 /* Frameworks */ = {
			isa = PBXFrameworksBuildPhase;
			buildActionMask = 2147483647;
			files = (
			);
			runOnlyForDeploymentPostprocessing = 0;
		};
		6EA25F97222F0E980079700C /* Frameworks */ = {
			isa = PBXFrameworksBuildPhase;
			buildActionMask = 2147483647;
			files = (
				6EA25FAD222F0F660079700C /* RxDataFlow.framework in Frameworks */,
			);
			runOnlyForDeploymentPostprocessing = 0;
		};
/* End PBXFrameworksBuildPhase section */

/* Begin PBXGroup section */
		6E31EC3121C7DB80009B9742 /* Views */ = {
			isa = PBXGroup;
			children = (
				6E7D89162204D02100C44E91 /* Styles.swift */,
				6E7F608821C8F71B00C1D30C /* Constraints.swift */,
				6E31EC3221C7DBA5009B9742 /* ApplicationTableView.swift */,
				6E47FF7F225FB84C00F604B2 /* ApplicationCollectionView.swift */,
				6E7F608A21C9128700C1D30C /* LeftHighlightTableRowView.swift */,
				6EA34DB121F09B7F00E9588C /* ApplicationSlider.swift */,
				6E8FB9B821FE23A000952770 /* ViewWithTrackingArea.swift */,
				6E13220D21FE424F008E2AC2 /* SelectableNSView.swift */,
				6E7D890D2204CAA100C44E91 /* VerticallyCenteredTextField.swift */,
				6E7D890F2204CAD600C44E91 /* MusicTrackView.swift */,
				6E7D89112204CB3A00C44E91 /* MusicTrackCollectionViewItem.swift */,
				6E857E9222215AE30057B701 /* TextFieldCollectionViewItem.swift */,
				6E857E9422215B1F0057B701 /* ViewWithBottomBorder.swift */,
				6E07664E223427FE00AD5F05 /* RadioStationCollectionViewItem.swift */,
				6EC9A5C4223EA6CA00DE0AFF /* LayoutPriority.swift */,
			);
			path = Views;
			sourceTree = "<group>";
		};
		6E38A74921C292B300983339 /* Resources */ = {
			isa = PBXGroup;
			children = (
				6E94665A21C282D200126BB7 /* Assets.xcassets */,
				6E94665F21C282D200126BB7 /* Info.plist */,
				6E38A74A21C2933900983339 /* GoogleMusicClientMacOS.entitlements */,
				6EA6BC3921DCFA2200EA3E3E /* export-options.plist */,
			);
			path = Resources;
			sourceTree = "<group>";
		};
		6E38A74B21C293AB00983339 /* Controllers */ = {
			isa = PBXGroup;
			children = (
				6EAC5E462200BDEF003D1B19 /* Favorites */,
				6E7E4E3921F38E3F0097E727 /* Error */,
				6EA9BF3121EA453200A2551D /* System */,
				6E38A74F21C2983900983339 /* MainWindow */,
				6E38A75F21C2A62400983339 /* Main */,
				6E8496D621D635FA00210F36 /* Queue */,
				6E38A75021C2986700983339 /* LogIn */,
				6EFDC59F21CA227500E93699 /* RadioList */,
				6EFDC59E21CA226300E93699 /* LeftMenu */,
				6EFDC5A021CA230700E93699 /* Player */,
			);
			path = Controllers;
			sourceTree = "<group>";
		};
		6E38A74F21C2983900983339 /* MainWindow */ = {
			isa = PBXGroup;
			children = (
				6E38A74C21C293BC00983339 /* MainWindowController.swift */,
				6E94665C21C282D200126BB7 /* MainWindowController.storyboard */,
			);
			path = MainWindow;
			sourceTree = "<group>";
		};
		6E38A75021C2986700983339 /* LogIn */ = {
			isa = PBXGroup;
			children = (
				6E38A75121C2988C00983339 /* LogInController.swift */,
				6E38A75321C298A300983339 /* LogInController.storyboard */,
			);
			path = LogIn;
			sourceTree = "<group>";
		};
		6E38A75521C2990000983339 /* Core */ = {
			isa = PBXGroup;
			children = (
				6E7E4E3621F374330097E727 /* Player */,
				6E31EC3121C7DB80009B9742 /* Views */,
				6E38A75821C29A4000983339 /* ApplicationController.swift */,
				6ED66B2C21D3A87200BA9B95 /* Extensions.swift */,
				6E7D89182204D60F00C44E91 /* Operators.swift */,
				6E7D89192204D60F00C44E91 /* Functions.swift */,
			);
			path = Core;
			sourceTree = "<group>";
		};
		6E38A75A21C29C7A00983339 /* Coordinators */ = {
			isa = PBXGroup;
			children = (
				6E38A75B21C2A08C00983339 /* StartupCoordinator.swift */,
				6E38A75621C2991D00983339 /* LogInCoordinator.swift */,
				6E38A75D21C2A38C00983339 /* MainCoordinator.swift */,
			);
			path = Coordinators;
			sourceTree = "<group>";
		};
		6E38A75F21C2A62400983339 /* Main */ = {
			isa = PBXGroup;
			children = (
				6E38A76021C2A64B00983339 /* MainController.swift */,
				6E38A76221C2A68200983339 /* MainController.storyboard */,
			);
			path = Main;
			sourceTree = "<group>";
		};
		6E7E4E3621F374330097E727 /* Player */ = {
			isa = PBXGroup;
			children = (
				6E1E6DF621D277E500937756 /* Player.swift */,
				6E7E4E3721F3744B0097E727 /* Queue.swift */,
				6E5C758521D8FAF900C98482 /* DataAssetLoader.swift */,
			);
			path = Player;
			sourceTree = "<group>";
		};
		6E7E4E3921F38E3F0097E727 /* Error */ = {
			isa = PBXGroup;
			children = (
				6E7E4E3A21F38E530097E727 /* ErrorController.storyboard */,
				6E7E4E3C21F38EDD0097E727 /* ErrorController.swift */,
			);
			path = Error;
			sourceTree = "<group>";
		};
		6E8496D621D635FA00210F36 /* Queue */ = {
			isa = PBXGroup;
			children = (
				6E8496D921D6365B00210F36 /* QueueController.swift */,
			);
			path = Queue;
			sourceTree = "<group>";
		};
		6E94664A21C282D200126BB7 = {
			isa = PBXGroup;
			children = (
				6EB27AC921C3C7E80013479C /* RxDataFlow.framework */,
				6E3ACE3521C28B22000944F3 /* RxCocoa.framework */,
				6E3ACE3421C28B22000944F3 /* RxGoogleMusic.framework */,
				6E3ACE3621C28B22000944F3 /* RxSwift.framework */,
				6E94665521C282D200126BB7 /* GoogleMusicClientMacOS */,
				6E94666821C282D300126BB7 /* GoogleMusicClientMacOSTests */,
				6EA25F9B222F0E980079700C /* GoogleMusicClient.Core */,
				6E94665421C282D200126BB7 /* Products */,
				6EA25FAC222F0F660079700C /* Frameworks */,
			);
			sourceTree = "<group>";
		};
		6E94665421C282D200126BB7 /* Products */ = {
			isa = PBXGroup;
			children = (
				6E94665321C282D200126BB7 /* Google Music Player.app */,
				6E94666521C282D300126BB7 /* GoogleMusicClientMacOSTests.xctest */,
				6EA25F9A222F0E980079700C /* GoogleMusicClientCore.framework */,
			);
			name = Products;
			sourceTree = "<group>";
		};
		6E94665521C282D200126BB7 /* GoogleMusicClientMacOS */ = {
			isa = PBXGroup;
			children = (
				6EB27ACD21C3D4A60013479C /* DataFlow */,
				6E38A75A21C29C7A00983339 /* Coordinators */,
				6E38A75521C2990000983339 /* Core */,
				6E38A74B21C293AB00983339 /* Controllers */,
				6E38A74921C292B300983339 /* Resources */,
				6E94665621C282D200126BB7 /* AppDelegate.swift */,
			);
			path = GoogleMusicClientMacOS;
			sourceTree = "<group>";
		};
		6E94666821C282D300126BB7 /* GoogleMusicClientMacOSTests */ = {
			isa = PBXGroup;
			children = (
				6E94666921C282D300126BB7 /* GoogleMusicClientTests.swift */,
				6E94666B21C282D300126BB7 /* Info.plist */,
			);
			path = GoogleMusicClientMacOSTests;
			sourceTree = "<group>";
		};
		6EA25F9B222F0E980079700C /* GoogleMusicClient.Core */ = {
			isa = PBXGroup;
			children = (
				6EA25F9C222F0E980079700C /* GoogleMusicClient_Core.h */,
				6EA25F9D222F0E980079700C /* Info.plist */,
				6E3DD68521C2B07400C1F49F /* Keychain.swift */,
				6E7D89132204CB8E00C44E91 /* Support.swift */,
				6E98C5DC222B1D4B00BED0D9 /* OrderedSet.swift */,
				6E927F7C22256A1F007A34EF /* UserDefaultsType.swift */,
				6EA25FAE222F10110079700C /* Extensions.swift */,
			);
			path = GoogleMusicClient.Core;
			sourceTree = "<group>";
		};
		6EA25FAC222F0F660079700C /* Frameworks */ = {
			isa = PBXGroup;
			children = (
			);
			name = Frameworks;
			sourceTree = "<group>";
		};
		6EA9BF3121EA453200A2551D /* System */ = {
			isa = PBXGroup;
			children = (
				6EA9BF3221EA455E00A2551D /* SystemController.storyboard */,
				6EA9BF3421EA457100A2551D /* SystemController.swift */,
			);
			path = System;
			sourceTree = "<group>";
		};
		6EAC5E462200BDEF003D1B19 /* Favorites */ = {
			isa = PBXGroup;
			children = (
				6EAC5E472200BE0D003D1B19 /* FavoritesController.swift */,
			);
			path = Favorites;
			sourceTree = "<group>";
		};
		6EB27ACD21C3D4A60013479C /* DataFlow */ = {
			isa = PBXGroup;
			children = (
				6EB27ACE21C3D4B60013479C /* AppState.swift */,
				6EB27AD021C3D4D50013479C /* Actions.swift */,
				6EB27AD221C3D5140013479C /* RootReducer.swift */,
				6EB27AD421C3D6450013479C /* SystemReducer.swift */,
				6E3FC37D21CA6E180026DEA7 /* PlayerReducer.swift */,
			);
			path = DataFlow;
			sourceTree = "<group>";
		};
		6EFDC59E21CA226300E93699 /* LeftMenu */ = {
			isa = PBXGroup;
			children = (
				6E31EC3421C7E1C5009B9742 /* LeftMenuController.storyboard */,
				6E31EC3621C7E208009B9742 /* LeftMenuController.swift */,
			);
			path = LeftMenu;
			sourceTree = "<group>";
		};
		6EFDC59F21CA227500E93699 /* RadioList */ = {
			isa = PBXGroup;
			children = (
				6E7F608C21C9278400C1D30C /* RadioListController.swift */,
			);
			path = RadioList;
			sourceTree = "<group>";
		};
		6EFDC5A021CA230700E93699 /* Player */ = {
			isa = PBXGroup;
			children = (
				6EFDC5A121CA231D00E93699 /* PlayerController.storyboard */,
				6EFDC5A321CA233300E93699 /* PlayerController.swift */,
			);
			path = Player;
			sourceTree = "<group>";
		};
/* End PBXGroup section */

/* Begin PBXHeadersBuildPhase section */
		6EA25F95222F0E980079700C /* Headers */ = {
			isa = PBXHeadersBuildPhase;
			buildActionMask = 2147483647;
			files = (
				6EA25F9E222F0E980079700C /* GoogleMusicClient_Core.h in Headers */,
			);
			runOnlyForDeploymentPostprocessing = 0;
		};
/* End PBXHeadersBuildPhase section */

/* Begin PBXNativeTarget section */
		6E94665221C282D200126BB7 /* GoogleMusicClientMacOS */ = {
			isa = PBXNativeTarget;
			buildConfigurationList = 6E94666E21C282D300126BB7 /* Build configuration list for PBXNativeTarget "GoogleMusicClientMacOS" */;
			buildPhases = (
				6E94664F21C282D200126BB7 /* Sources */,
				6E94665021C282D200126BB7 /* Frameworks */,
				6E94665121C282D200126BB7 /* Resources */,
				6E3ACE3D21C28B22000944F3 /* Embed Frameworks */,
			);
			buildRules = (
			);
			dependencies = (
				6EA25FA0222F0E980079700C /* PBXTargetDependency */,
			);
			name = GoogleMusicClientMacOS;
			productName = GoogleMusicClient;
			productReference = 6E94665321C282D200126BB7 /* Google Music Player.app */;
			productType = "com.apple.product-type.application";
		};
		6E94666421C282D300126BB7 /* GoogleMusicClientMacOSTests */ = {
			isa = PBXNativeTarget;
			buildConfigurationList = 6E94667121C282D300126BB7 /* Build configuration list for PBXNativeTarget "GoogleMusicClientMacOSTests" */;
			buildPhases = (
				6E94666121C282D300126BB7 /* Sources */,
				6E94666221C282D300126BB7 /* Frameworks */,
				6E94666321C282D300126BB7 /* Resources */,
			);
			buildRules = (
			);
			dependencies = (
				6E94666721C282D300126BB7 /* PBXTargetDependency */,
			);
			name = GoogleMusicClientMacOSTests;
			productName = GoogleMusicClientTests;
			productReference = 6E94666521C282D300126BB7 /* GoogleMusicClientMacOSTests.xctest */;
			productType = "com.apple.product-type.bundle.unit-test";
		};
		6EA25F99222F0E980079700C /* GoogleMusicClientCore */ = {
			isa = PBXNativeTarget;
			buildConfigurationList = 6EA25FA5222F0E980079700C /* Build configuration list for PBXNativeTarget "GoogleMusicClientCore" */;
			buildPhases = (
				6EA25F95222F0E980079700C /* Headers */,
				6EA25F96222F0E980079700C /* Sources */,
				6EA25F97222F0E980079700C /* Frameworks */,
				6EA25F98222F0E980079700C /* Resources */,
			);
			buildRules = (
			);
			dependencies = (
			);
			name = GoogleMusicClientCore;
			productName = GoogleMusicClient.Core;
			productReference = 6EA25F9A222F0E980079700C /* GoogleMusicClientCore.framework */;
			productType = "com.apple.product-type.framework";
		};
/* End PBXNativeTarget section */

/* Begin PBXProject section */
		6E94664B21C282D200126BB7 /* Project object */ = {
			isa = PBXProject;
			attributes = {
				LastSwiftUpdateCheck = 1010;
				LastUpgradeCheck = 1020;
				ORGANIZATIONNAME = "Anton Efimenko";
				TargetAttributes = {
					6E94665221C282D200126BB7 = {
						CreatedOnToolsVersion = 10.1;
						LastSwiftMigration = 1020;
						SystemCapabilities = {
							com.apple.HardenedRuntime = {
								enabled = 1;
							};
							com.apple.Sandbox = {
								enabled = 1;
							};
						};
					};
					6E94666421C282D300126BB7 = {
						CreatedOnToolsVersion = 10.1;
						LastSwiftMigration = 1020;
					};
					6EA25F99222F0E980079700C = {
						CreatedOnToolsVersion = 10.1;
						LastSwiftMigration = 1020;
					};
				};
			};
			buildConfigurationList = 6E94664E21C282D200126BB7 /* Build configuration list for PBXProject "GoogleMusicClientMacOS" */;
			compatibilityVersion = "Xcode 9.3";
			developmentRegion = en;
			hasScannedForEncodings = 0;
			knownRegions = (
				en,
				Base,
			);
			mainGroup = 6E94664A21C282D200126BB7;
			productRefGroup = 6E94665421C282D200126BB7 /* Products */;
			projectDirPath = "";
			projectRoot = "";
			targets = (
				6E94665221C282D200126BB7 /* GoogleMusicClientMacOS */,
				6E94666421C282D300126BB7 /* GoogleMusicClientMacOSTests */,
				6EA25F99222F0E980079700C /* GoogleMusicClientCore */,
			);
		};
/* End PBXProject section */

/* Begin PBXResourcesBuildPhase section */
		6E94665121C282D200126BB7 /* Resources */ = {
			isa = PBXResourcesBuildPhase;
			buildActionMask = 2147483647;
			files = (
				6E38A74E21C2943000983339 /* MainWindowController.storyboard in Resources */,
				6E7E4E3B21F38E530097E727 /* ErrorController.storyboard in Resources */,
				6EA9BF3321EA455E00A2551D /* SystemController.storyboard in Resources */,
				6E38A76321C2A68200983339 /* MainController.storyboard in Resources */,
				6EFDC5A221CA231D00E93699 /* PlayerController.storyboard in Resources */,
				6EA6BC3A21DCFA2200EA3E3E /* export-options.plist in Resources */,
				6E94665B21C282D200126BB7 /* Assets.xcassets in Resources */,
				6E38A75421C298A300983339 /* LogInController.storyboard in Resources */,
				6E31EC3521C7E1C5009B9742 /* LeftMenuController.storyboard in Resources */,
			);
			runOnlyForDeploymentPostprocessing = 0;
		};
		6E94666321C282D300126BB7 /* Resources */ = {
			isa = PBXResourcesBuildPhase;
			buildActionMask = 2147483647;
			files = (
			);
			runOnlyForDeploymentPostprocessing = 0;
		};
		6EA25F98222F0E980079700C /* Resources */ = {
			isa = PBXResourcesBuildPhase;
			buildActionMask = 2147483647;
			files = (
			);
			runOnlyForDeploymentPostprocessing = 0;
		};
/* End PBXResourcesBuildPhase section */

/* Begin PBXSourcesBuildPhase section */
		6E94664F21C282D200126BB7 /* Sources */ = {
			isa = PBXSourcesBuildPhase;
			buildActionMask = 2147483647;
			files = (
				6E38A76121C2A64B00983339 /* MainController.swift in Sources */,
				6E3FC37E21CA6E180026DEA7 /* PlayerReducer.swift in Sources */,
				6E07664F223427FE00AD5F05 /* RadioStationCollectionViewItem.swift in Sources */,
				6EAC5E482200BE0D003D1B19 /* FavoritesController.swift in Sources */,
				6EA9BF3521EA457100A2551D /* SystemController.swift in Sources */,
				6E7F608D21C9278400C1D30C /* RadioListController.swift in Sources */,
				6E1E6DF721D277E500937756 /* Player.swift in Sources */,
				6E47FF80225FB84C00F604B2 /* ApplicationCollectionView.swift in Sources */,
				6E7D89102204CAD600C44E91 /* MusicTrackView.swift in Sources */,
				6EA34DB221F09B7F00E9588C /* ApplicationSlider.swift in Sources */,
				6E7F608921C8F71B00C1D30C /* Constraints.swift in Sources */,
				6E38A74D21C293BC00983339 /* MainWindowController.swift in Sources */,
				6E31EC3321C7DBA5009B9742 /* ApplicationTableView.swift in Sources */,
				6EA25FB7222F155C0079700C /* Functions.swift in Sources */,
				6EA25FB6222F15580079700C /* Operators.swift in Sources */,
				6E13220E21FE424F008E2AC2 /* SelectableNSView.swift in Sources */,
				6E38A75221C2988C00983339 /* LogInController.swift in Sources */,
				6E857E9522215B1F0057B701 /* ViewWithBottomBorder.swift in Sources */,
				6E7F608B21C9128700C1D30C /* LeftHighlightTableRowView.swift in Sources */,
				6E94665721C282D200126BB7 /* AppDelegate.swift in Sources */,
				6EB27AD521C3D6450013479C /* SystemReducer.swift in Sources */,
				6E31EC3721C7E208009B9742 /* LeftMenuController.swift in Sources */,
				6E7E4E3821F3744B0097E727 /* Queue.swift in Sources */,
				6E7E4E3D21F38EDD0097E727 /* ErrorController.swift in Sources */,
				6EC9A5C5223EA6CA00DE0AFF /* LayoutPriority.swift in Sources */,
				6E5C758621D8FAF900C98482 /* DataAssetLoader.swift in Sources */,
				6EB27AD321C3D5140013479C /* RootReducer.swift in Sources */,
				6E38A75721C2991D00983339 /* LogInCoordinator.swift in Sources */,
				6EB27ACF21C3D4B60013479C /* AppState.swift in Sources */,
				6E7D89122204CB3A00C44E91 /* MusicTrackCollectionViewItem.swift in Sources */,
				6E8496DA21D6365B00210F36 /* QueueController.swift in Sources */,
				6E7D89172204D02100C44E91 /* Styles.swift in Sources */,
				6E7D890E2204CAA100C44E91 /* VerticallyCenteredTextField.swift in Sources */,
				6E38A75C21C2A08C00983339 /* StartupCoordinator.swift in Sources */,
				6EB27AD121C3D4D50013479C /* Actions.swift in Sources */,
				6ED66B2D21D3A87200BA9B95 /* Extensions.swift in Sources */,
				6E38A75E21C2A38C00983339 /* MainCoordinator.swift in Sources */,
				6EFDC5A421CA233300E93699 /* PlayerController.swift in Sources */,
				6E38A75921C29A4000983339 /* ApplicationController.swift in Sources */,
				6E8FB9B921FE23A000952770 /* ViewWithTrackingArea.swift in Sources */,
				6E857E9322215AE30057B701 /* TextFieldCollectionViewItem.swift in Sources */,
			);
			runOnlyForDeploymentPostprocessing = 0;
		};
		6E94666121C282D300126BB7 /* Sources */ = {
			isa = PBXSourcesBuildPhase;
			buildActionMask = 2147483647;
			files = (
				6E013D2F21E35AAE00BC6F61 /* GoogleMusicClientTests.swift in Sources */,
			);
			runOnlyForDeploymentPostprocessing = 0;
		};
		6EA25F96222F0E980079700C /* Sources */ = {
			isa = PBXSourcesBuildPhase;
			buildActionMask = 2147483647;
			files = (
				6EA25FA8222F0EFA0079700C /* OrderedSet.swift in Sources */,
				6EA25FA6222F0EE50079700C /* Keychain.swift in Sources */,
				6EA25FA9222F0EFF0079700C /* UserDefaultsType.swift in Sources */,
				6EA25FA7222F0EF60079700C /* Support.swift in Sources */,
				6EA25FAF222F10110079700C /* Extensions.swift in Sources */,
			);
			runOnlyForDeploymentPostprocessing = 0;
		};
/* End PBXSourcesBuildPhase section */

/* Begin PBXTargetDependency section */
		6E94666721C282D300126BB7 /* PBXTargetDependency */ = {
			isa = PBXTargetDependency;
			target = 6E94665221C282D200126BB7 /* GoogleMusicClientMacOS */;
			targetProxy = 6E94666621C282D300126BB7 /* PBXContainerItemProxy */;
		};
		6EA25FA0222F0E980079700C /* PBXTargetDependency */ = {
			isa = PBXTargetDependency;
			target = 6EA25F99222F0E980079700C /* GoogleMusicClientCore */;
			targetProxy = 6EA25F9F222F0E980079700C /* PBXContainerItemProxy */;
		};
/* End PBXTargetDependency section */

/* Begin PBXVariantGroup section */
		6E94665C21C282D200126BB7 /* MainWindowController.storyboard */ = {
			isa = PBXVariantGroup;
			children = (
				6E94665D21C282D200126BB7 /* Base */,
			);
			name = MainWindowController.storyboard;
			sourceTree = "<group>";
		};
/* End PBXVariantGroup section */

/* Begin XCBuildConfiguration section */
		6E94666C21C282D300126BB7 /* Debug */ = {
			isa = XCBuildConfiguration;
			buildSettings = {
				ALWAYS_SEARCH_USER_PATHS = NO;
				CLANG_ANALYZER_NONNULL = YES;
				CLANG_ANALYZER_NUMBER_OBJECT_CONVERSION = YES_AGGRESSIVE;
				CLANG_CXX_LANGUAGE_STANDARD = "gnu++14";
				CLANG_CXX_LIBRARY = "libc++";
				CLANG_ENABLE_MODULES = YES;
				CLANG_ENABLE_OBJC_ARC = YES;
				CLANG_ENABLE_OBJC_WEAK = YES;
				CLANG_WARN_BLOCK_CAPTURE_AUTORELEASING = YES;
				CLANG_WARN_BOOL_CONVERSION = YES;
				CLANG_WARN_COMMA = YES;
				CLANG_WARN_CONSTANT_CONVERSION = YES;
				CLANG_WARN_DEPRECATED_OBJC_IMPLEMENTATIONS = YES;
				CLANG_WARN_DIRECT_OBJC_ISA_USAGE = YES_ERROR;
				CLANG_WARN_DOCUMENTATION_COMMENTS = YES;
				CLANG_WARN_EMPTY_BODY = YES;
				CLANG_WARN_ENUM_CONVERSION = YES;
				CLANG_WARN_INFINITE_RECURSION = YES;
				CLANG_WARN_INT_CONVERSION = YES;
				CLANG_WARN_NON_LITERAL_NULL_CONVERSION = YES;
				CLANG_WARN_OBJC_IMPLICIT_RETAIN_SELF = YES;
				CLANG_WARN_OBJC_LITERAL_CONVERSION = YES;
				CLANG_WARN_OBJC_ROOT_CLASS = YES_ERROR;
				CLANG_WARN_RANGE_LOOP_ANALYSIS = YES;
				CLANG_WARN_STRICT_PROTOTYPES = YES;
				CLANG_WARN_SUSPICIOUS_MOVE = YES;
				CLANG_WARN_UNGUARDED_AVAILABILITY = YES_AGGRESSIVE;
				CLANG_WARN_UNREACHABLE_CODE = YES;
				CLANG_WARN__DUPLICATE_METHOD_MATCH = YES;
				CODE_SIGN_IDENTITY = "Mac Developer";
				COPY_PHASE_STRIP = NO;
				DEBUG_INFORMATION_FORMAT = dwarf;
				ENABLE_STRICT_OBJC_MSGSEND = YES;
				ENABLE_TESTABILITY = YES;
				GCC_C_LANGUAGE_STANDARD = gnu11;
				GCC_DYNAMIC_NO_PIC = NO;
				GCC_NO_COMMON_BLOCKS = YES;
				GCC_OPTIMIZATION_LEVEL = 0;
				GCC_PREPROCESSOR_DEFINITIONS = (
					"DEBUG=1",
					"$(inherited)",
				);
				GCC_WARN_64_TO_32_BIT_CONVERSION = YES;
				GCC_WARN_ABOUT_RETURN_TYPE = YES_ERROR;
				GCC_WARN_UNDECLARED_SELECTOR = YES;
				GCC_WARN_UNINITIALIZED_AUTOS = YES_AGGRESSIVE;
				GCC_WARN_UNUSED_FUNCTION = YES;
				GCC_WARN_UNUSED_VARIABLE = YES;
				MACOSX_DEPLOYMENT_TARGET = 10.14;
				MTL_ENABLE_DEBUG_INFO = INCLUDE_SOURCE;
				MTL_FAST_MATH = YES;
				ONLY_ACTIVE_ARCH = YES;
				SDKROOT = macosx;
				SWIFT_ACTIVE_COMPILATION_CONDITIONS = DEBUG;
				SWIFT_OPTIMIZATION_LEVEL = "-Onone";
			};
			name = Debug;
		};
		6E94666D21C282D300126BB7 /* Release */ = {
			isa = XCBuildConfiguration;
			buildSettings = {
				ALWAYS_SEARCH_USER_PATHS = NO;
				CLANG_ANALYZER_NONNULL = YES;
				CLANG_ANALYZER_NUMBER_OBJECT_CONVERSION = YES_AGGRESSIVE;
				CLANG_CXX_LANGUAGE_STANDARD = "gnu++14";
				CLANG_CXX_LIBRARY = "libc++";
				CLANG_ENABLE_MODULES = YES;
				CLANG_ENABLE_OBJC_ARC = YES;
				CLANG_ENABLE_OBJC_WEAK = YES;
				CLANG_WARN_BLOCK_CAPTURE_AUTORELEASING = YES;
				CLANG_WARN_BOOL_CONVERSION = YES;
				CLANG_WARN_COMMA = YES;
				CLANG_WARN_CONSTANT_CONVERSION = YES;
				CLANG_WARN_DEPRECATED_OBJC_IMPLEMENTATIONS = YES;
				CLANG_WARN_DIRECT_OBJC_ISA_USAGE = YES_ERROR;
				CLANG_WARN_DOCUMENTATION_COMMENTS = YES;
				CLANG_WARN_EMPTY_BODY = YES;
				CLANG_WARN_ENUM_CONVERSION = YES;
				CLANG_WARN_INFINITE_RECURSION = YES;
				CLANG_WARN_INT_CONVERSION = YES;
				CLANG_WARN_NON_LITERAL_NULL_CONVERSION = YES;
				CLANG_WARN_OBJC_IMPLICIT_RETAIN_SELF = YES;
				CLANG_WARN_OBJC_LITERAL_CONVERSION = YES;
				CLANG_WARN_OBJC_ROOT_CLASS = YES_ERROR;
				CLANG_WARN_RANGE_LOOP_ANALYSIS = YES;
				CLANG_WARN_STRICT_PROTOTYPES = YES;
				CLANG_WARN_SUSPICIOUS_MOVE = YES;
				CLANG_WARN_UNGUARDED_AVAILABILITY = YES_AGGRESSIVE;
				CLANG_WARN_UNREACHABLE_CODE = YES;
				CLANG_WARN__DUPLICATE_METHOD_MATCH = YES;
				CODE_SIGN_IDENTITY = "Mac Developer";
				COPY_PHASE_STRIP = NO;
				DEBUG_INFORMATION_FORMAT = "dwarf-with-dsym";
				ENABLE_NS_ASSERTIONS = NO;
				ENABLE_STRICT_OBJC_MSGSEND = YES;
				GCC_C_LANGUAGE_STANDARD = gnu11;
				GCC_NO_COMMON_BLOCKS = YES;
				GCC_WARN_64_TO_32_BIT_CONVERSION = YES;
				GCC_WARN_ABOUT_RETURN_TYPE = YES_ERROR;
				GCC_WARN_UNDECLARED_SELECTOR = YES;
				GCC_WARN_UNINITIALIZED_AUTOS = YES_AGGRESSIVE;
				GCC_WARN_UNUSED_FUNCTION = YES;
				GCC_WARN_UNUSED_VARIABLE = YES;
				MACOSX_DEPLOYMENT_TARGET = 10.14;
				MTL_ENABLE_DEBUG_INFO = NO;
				MTL_FAST_MATH = YES;
				SDKROOT = macosx;
				SWIFT_COMPILATION_MODE = wholemodule;
				SWIFT_OPTIMIZATION_LEVEL = "-O";
			};
			name = Release;
		};
		6E94666F21C282D300126BB7 /* Debug */ = {
			isa = XCBuildConfiguration;
			buildSettings = {
				ALWAYS_EMBED_SWIFT_STANDARD_LIBRARIES = YES;
				ASSETCATALOG_COMPILER_APPICON_NAME = AppIcon;
				CODE_SIGN_ENTITLEMENTS = GoogleMusicClientMacOS/Resources/GoogleMusicClientMacOS.entitlements;
				CODE_SIGN_IDENTITY = "Mac Developer";
				CODE_SIGN_STYLE = Automatic;
				COMBINE_HIDPI_IMAGES = YES;
				DEVELOPMENT_TEAM = SJMSRXG797;
				ENABLE_HARDENED_RUNTIME = YES;
				FRAMEWORK_SEARCH_PATHS = (
					"$(inherited)",
					"$(PROJECT_DIR)/Carthage/Build/Mac",
				);
				INFOPLIST_FILE = "$(SRCROOT)/GoogleMusicClientMacOS/Resources/Info.plist";
				LD_RUNPATH_SEARCH_PATHS = (
					"$(inherited)",
					"@executable_path/../Frameworks",
				);
				PRODUCT_BUNDLE_IDENTIFIER = com.AntonEfimenko.GoogleMusicClient;
				PRODUCT_NAME = "Google Music Player";
				PROVISIONING_PROFILE_SPECIFIER = "";
				SWIFT_VERSION = 5.0;
			};
			name = Debug;
		};
		6E94667021C282D300126BB7 /* Release */ = {
			isa = XCBuildConfiguration;
			buildSettings = {
				ALWAYS_EMBED_SWIFT_STANDARD_LIBRARIES = YES;
				ASSETCATALOG_COMPILER_APPICON_NAME = AppIcon;
				CODE_SIGN_ENTITLEMENTS = GoogleMusicClientMacOS/Resources/GoogleMusicClientMacOS.entitlements;
				CODE_SIGN_IDENTITY = "Mac Developer";
				CODE_SIGN_STYLE = Automatic;
				COMBINE_HIDPI_IMAGES = YES;
				DEVELOPMENT_TEAM = SJMSRXG797;
				ENABLE_HARDENED_RUNTIME = YES;
				FRAMEWORK_SEARCH_PATHS = (
					"$(inherited)",
					"$(PROJECT_DIR)/Carthage/Build/Mac",
				);
				INFOPLIST_FILE = "$(SRCROOT)/GoogleMusicClientMacOS/Resources/Info.plist";
				LD_RUNPATH_SEARCH_PATHS = (
					"$(inherited)",
					"@executable_path/../Frameworks",
				);
				PRODUCT_BUNDLE_IDENTIFIER = com.AntonEfimenko.GoogleMusicClient;
				PRODUCT_NAME = "Google Music Player";
				PROVISIONING_PROFILE_SPECIFIER = "";
				SWIFT_VERSION = 5.0;
			};
			name = Release;
		};
		6E94667221C282D300126BB7 /* Debug */ = {
			isa = XCBuildConfiguration;
			buildSettings = {
				ALWAYS_EMBED_SWIFT_STANDARD_LIBRARIES = YES;
				CODE_SIGN_STYLE = Automatic;
				COMBINE_HIDPI_IMAGES = YES;
				DEVELOPMENT_TEAM = SJMSRXG797;
				INFOPLIST_FILE = "$(SRCROOT)/GoogleMusicClientMacOSTests/Info.plist";
				LD_RUNPATH_SEARCH_PATHS = (
					"$(inherited)",
					"@executable_path/../Frameworks",
					"@loader_path/../Frameworks",
					"@loader_path/Frameworks",
					"@executable_path/Frameworks",
				);
				PRODUCT_BUNDLE_IDENTIFIER = com.AntonEfimenko.GoogleMusicClientTests;
				PRODUCT_NAME = "$(TARGET_NAME)";
				SWIFT_VERSION = 5.0;
			};
			name = Debug;
		};
		6E94667321C282D300126BB7 /* Release */ = {
			isa = XCBuildConfiguration;
			buildSettings = {
				ALWAYS_EMBED_SWIFT_STANDARD_LIBRARIES = YES;
				CODE_SIGN_STYLE = Automatic;
				COMBINE_HIDPI_IMAGES = YES;
				DEVELOPMENT_TEAM = SJMSRXG797;
				INFOPLIST_FILE = "$(SRCROOT)/GoogleMusicClientMacOSTests/Info.plist";
				LD_RUNPATH_SEARCH_PATHS = (
					"$(inherited)",
					"@executable_path/../Frameworks",
					"@loader_path/../Frameworks",
					"@loader_path/Frameworks",
					"@executable_path/Frameworks",
				);
				PRODUCT_BUNDLE_IDENTIFIER = com.AntonEfimenko.GoogleMusicClientTests;
				PRODUCT_NAME = "$(TARGET_NAME)";
				SWIFT_VERSION = 5.0;
			};
			name = Release;
		};
		6EA25FA3222F0E980079700C /* Debug */ = {
			isa = XCBuildConfiguration;
			buildSettings = {
				CODE_SIGN_IDENTITY = "";
				CODE_SIGN_STYLE = Automatic;
				COMBINE_HIDPI_IMAGES = YES;
				CURRENT_PROJECT_VERSION = 1;
				DEFINES_MODULE = YES;
				DEVELOPMENT_TEAM = SJMSRXG797;
				DYLIB_COMPATIBILITY_VERSION = 1;
				DYLIB_CURRENT_VERSION = 1;
				DYLIB_INSTALL_NAME_BASE = "@rpath";
				FRAMEWORK_SEARCH_PATHS = (
					"$(inherited)",
					"$(PROJECT_DIR)/Carthage/Build/Mac",
				);
				FRAMEWORK_VERSION = A;
				INFOPLIST_FILE = GoogleMusicClient.Core/Info.plist;
				INSTALL_PATH = "$(LOCAL_LIBRARY_DIR)/Frameworks";
				LD_RUNPATH_SEARCH_PATHS = (
					"$(inherited)",
					"@executable_path/../Frameworks",
					"@loader_path/Frameworks",
				);
				PRODUCT_BUNDLE_IDENTIFIER = "com.AntonEfimenko.GoogleMusicClient-Core";
				PRODUCT_NAME = "$(TARGET_NAME:c99extidentifier)";
				SKIP_INSTALL = YES;
				SWIFT_VERSION = 5.0;
				VERSIONING_SYSTEM = "apple-generic";
				VERSION_INFO_PREFIX = "";
			};
			name = Debug;
		};
		6EA25FA4222F0E980079700C /* Release */ = {
			isa = XCBuildConfiguration;
			buildSettings = {
				CODE_SIGN_IDENTITY = "Mac Developer";
				CODE_SIGN_STYLE = Automatic;
				COMBINE_HIDPI_IMAGES = YES;
				CURRENT_PROJECT_VERSION = 1;
				DEFINES_MODULE = YES;
				DEVELOPMENT_TEAM = SJMSRXG797;
				DYLIB_COMPATIBILITY_VERSION = 1;
				DYLIB_CURRENT_VERSION = 1;
				DYLIB_INSTALL_NAME_BASE = "@rpath";
				FRAMEWORK_SEARCH_PATHS = (
					"$(inherited)",
					"$(PROJECT_DIR)/Carthage/Build/Mac",
				);
				FRAMEWORK_VERSION = A;
				INFOPLIST_FILE = GoogleMusicClient.Core/Info.plist;
				INSTALL_PATH = "$(LOCAL_LIBRARY_DIR)/Frameworks";
				LD_RUNPATH_SEARCH_PATHS = (
					"$(inherited)",
					"@executable_path/../Frameworks",
					"@loader_path/Frameworks",
				);
				PRODUCT_BUNDLE_IDENTIFIER = "com.AntonEfimenko.GoogleMusicClient-Core";
				PRODUCT_NAME = "$(TARGET_NAME:c99extidentifier)";
				SKIP_INSTALL = YES;
				SWIFT_VERSION = 5.0;
				VERSIONING_SYSTEM = "apple-generic";
				VERSION_INFO_PREFIX = "";
			};
			name = Release;
		};
/* End XCBuildConfiguration section */

/* Begin XCConfigurationList section */
		6E94664E21C282D200126BB7 /* Build configuration list for PBXProject "GoogleMusicClientMacOS" */ = {
			isa = XCConfigurationList;
			buildConfigurations = (
				6E94666C21C282D300126BB7 /* Debug */,
				6E94666D21C282D300126BB7 /* Release */,
			);
			defaultConfigurationIsVisible = 0;
			defaultConfigurationName = Release;
		};
		6E94666E21C282D300126BB7 /* Build configuration list for PBXNativeTarget "GoogleMusicClientMacOS" */ = {
			isa = XCConfigurationList;
			buildConfigurations = (
				6E94666F21C282D300126BB7 /* Debug */,
				6E94667021C282D300126BB7 /* Release */,
			);
			defaultConfigurationIsVisible = 0;
			defaultConfigurationName = Release;
		};
		6E94667121C282D300126BB7 /* Build configuration list for PBXNativeTarget "GoogleMusicClientMacOSTests" */ = {
			isa = XCConfigurationList;
			buildConfigurations = (
				6E94667221C282D300126BB7 /* Debug */,
				6E94667321C282D300126BB7 /* Release */,
			);
			defaultConfigurationIsVisible = 0;
			defaultConfigurationName = Release;
		};
		6EA25FA5222F0E980079700C /* Build configuration list for PBXNativeTarget "GoogleMusicClientCore" */ = {
			isa = XCConfigurationList;
			buildConfigurations = (
				6EA25FA3222F0E980079700C /* Debug */,
				6EA25FA4222F0E980079700C /* Release */,
			);
			defaultConfigurationIsVisible = 0;
			defaultConfigurationName = Release;
		};
/* End XCConfigurationList section */
	};
	rootObject = 6E94664B21C282D200126BB7 /* Project object */;
}
